
Microsoft Visual Studio Solution File, Format Version 12.00
# Visual Studio 15
VisualStudioVersion = 15.0.28307.136
MinimumVisualStudioVersion = 10.0.40219.1
Project("{FAE04EC0-301F-11D3-BF4B-00C04F79EFBC}") = "MasterMind", "MasterMind\MasterMind.csproj", "{5C535477-2370-4EE2-9798-BE67D125BF91}"
EndProject
Global
	GlobalSection(SolutionConfigurationPlatforms) = preSolution
		Debug|Any CPU = Debug|Any CPU
		Release|Any CPU = Release|Any CPU
	EndGlobalSection
	GlobalSection(ProjectConfigurationPlatforms) = postSolution
		{5C535477-2370-4EE2-9798-BE67D125BF91}.Debug|Any CPU.ActiveCfg = Debug|Any CPU
		{5C535477-2370-4EE2-9798-BE67D125BF91}.Debug|Any CPU.Build.0 = Debug|Any CPU
		{5C535477-2370-4EE2-9798-BE67D125BF91}.Release|Any CPU.ActiveCfg = Release|Any CPU
		{5C535477-2370-4EE2-9798-BE67D125BF91}.Release|Any CPU.Build.0 = Release|Any CPU
	EndGlobalSection
	GlobalSection(SolutionProperties) = preSolution
		HideSolutionNode = FALSE
	EndGlobalSection
	GlobalSection(ExtensibilityGlobals) = postSolution
		SolutionGuid = {6D17FB90-C9CA-45DF-BD44-0F27FA099C94}
	EndGlobalSection
EndGlobal
